
Microsoft Visual Studio Solution File, Format Version 12.00
# Visual Studio Version 16
VisualStudioVersion = 16.0.30611.23
MinimumVisualStudioVersion = 10.0.40219.1
Project("{FAE04EC0-301F-11D3-BF4B-00C04F79EFBC}") = "Data.DataConnection", "Data.DataConnection\Data.DataConnection.csproj", "{93885251-484D-44F9-9D21-F6D24DA9B90C}"
EndProject
Project("{FAE04EC0-301F-11D3-BF4B-00C04F79EFBC}") = "Data.DataModels", "Data.DataModels\Data.DataModels.csproj", "{D3C30CBC-96F6-4FCF-9229-FC7BE052B147}"
EndProject
Project("{FAE04EC0-301F-11D3-BF4B-00C04F79EFBC}") = "TestConsole", "TestConsole\TestConsole.csproj", "{5A569299-9D14-4649-A54D-EF53EE13EB7B}"
EndProject
Global
	GlobalSection(SolutionConfigurationPlatforms) = preSolution
		Debug|Any CPU = Debug|Any CPU
		Release|Any CPU = Release|Any CPU
	EndGlobalSection
	GlobalSection(ProjectConfigurationPlatforms) = postSolution
		{93885251-484D-44F9-9D21-F6D24DA9B90C}.Debug|Any CPU.ActiveCfg = Debug|Any CPU
		{93885251-484D-44F9-9D21-F6D24DA9B90C}.Debug|Any CPU.Build.0 = Debug|Any CPU
		{93885251-484D-44F9-9D21-F6D24DA9B90C}.Release|Any CPU.ActiveCfg = Release|Any CPU
		{93885251-484D-44F9-9D21-F6D24DA9B90C}.Release|Any CPU.Build.0 = Release|Any CPU
		{D3C30CBC-96F6-4FCF-9229-FC7BE052B147}.Debug|Any CPU.ActiveCfg = Debug|Any CPU
		{D3C30CBC-96F6-4FCF-9229-FC7BE052B147}.Debug|Any CPU.Build.0 = Debug|Any CPU
		{D3C30CBC-96F6-4FCF-9229-FC7BE052B147}.Release|Any CPU.ActiveCfg = Release|Any CPU
		{D3C30CBC-96F6-4FCF-9229-FC7BE052B147}.Release|Any CPU.Build.0 = Release|Any CPU
		{5A569299-9D14-4649-A54D-EF53EE13EB7B}.Debug|Any CPU.ActiveCfg = Debug|Any CPU
		{5A569299-9D14-4649-A54D-EF53EE13EB7B}.Debug|Any CPU.Build.0 = Debug|Any CPU
		{5A569299-9D14-4649-A54D-EF53EE13EB7B}.Release|Any CPU.ActiveCfg = Release|Any CPU
		{5A569299-9D14-4649-A54D-EF53EE13EB7B}.Release|Any CPU.Build.0 = Release|Any CPU
	EndGlobalSection
	GlobalSection(SolutionProperties) = preSolution
		HideSolutionNode = FALSE
	EndGlobalSection
	GlobalSection(ExtensibilityGlobals) = postSolution
		SolutionGuid = {B482899A-6B0B-4A79-B787-1A325C5B595F}
	EndGlobalSection
EndGlobal
